# This file is automatically @generated by Cargo.
# It is not intended for manual editing.
version = 4

[[package]]
name = "crab2d-assets"
version = "0.1.0"

[[package]]
name = "crab2d-core"
version = "0.1.0"
dependencies = [
 "crab2d-assets",
 "crab2d-plugin-api",
 "crab2d-scene",
]

[[package]]
name = "crab2d-editor"
version = "0.1.0"
dependencies = [
 "crab2d-core",
 "crab2d-platform",
 "crab2d-procgen",
 "crab2d-render",
]

[[package]]
name = "crab2d-editor-app"
version = "0.1.0"
dependencies = [
 "crab2d-editor",
]

[[package]]
name = "crab2d-platform"
version = "0.1.0"

[[package]]
name = "crab2d-plugin-api"
version = "0.1.0"

[[package]]
name = "crab2d-procgen"
version = "0.1.0"

[[package]]
name = "crab2d-render"
version = "0.1.0"
dependencies = [
 "crab2d-scene",
]

[[package]]
name = "crab2d-scene"
version = "0.1.0"
